
Microsoft Visual Studio Solution File, Format Version 12.00
# Visual Studio Version 16
VisualStudioVersion = 16.0.31624.102
MinimumVisualStudioVersion = 10.0.40219.1
Project("{FAE04EC0-301F-11D3-BF4B-00C04F79EFBC}") = "FindYourSeatsApplication.Android", "FindYourSeatsApplication\FindYourSeatsApplication.Android\FindYourSeatsApplication.Android.csproj", "{B806FB66-D323-4CE8-8E18-B8F3AFEB78BF}"
EndProject
Project("{FAE04EC0-301F-11D3-BF4B-00C04F79EFBC}") = "FindYourSeatsApplication.iOS", "FindYourSeatsApplication\FindYourSeatsApplication.iOS\FindYourSeatsApplication.iOS.csproj", "{0E8004C6-5722-4025-A5BF-D6E0793D6348}"
EndProject
Project("{FAE04EC0-301F-11D3-BF4B-00C04F79EFBC}") = "FindYourSeatsApplication", "FindYourSeatsApplication\FindYourSeatsApplication\FindYourSeatsApplication.csproj", "{917B558E-C88B-44AA-BC14-1B44971EF7D7}"
EndProject
Global
	GlobalSection(SolutionConfigurationPlatforms) = preSolution
		Debug|Any CPU = Debug|Any CPU
		Debug|iPhone = Debug|iPhone
		Debug|iPhoneSimulator = Debug|iPhoneSimulator
		Release|Any CPU = Release|Any CPU
		Release|iPhone = Release|iPhone
		Release|iPhoneSimulator = Release|iPhoneSimulator
	EndGlobalSection
	GlobalSection(ProjectConfigurationPlatforms) = postSolution
		{B806FB66-D323-4CE8-8E18-B8F3AFEB78BF}.Debug|Any CPU.ActiveCfg = Debug|Any CPU
		{B806FB66-D323-4CE8-8E18-B8F3AFEB78BF}.Debug|Any CPU.Build.0 = Debug|Any CPU
		{B806FB66-D323-4CE8-8E18-B8F3AFEB78BF}.Debug|Any CPU.Deploy.0 = Debug|Any CPU
		{B806FB66-D323-4CE8-8E18-B8F3AFEB78BF}.Debug|iPhone.ActiveCfg = Debug|Any CPU
		{B806FB66-D323-4CE8-8E18-B8F3AFEB78BF}.Debug|iPhone.Build.0 = Debug|Any CPU
		{B806FB66-D323-4CE8-8E18-B8F3AFEB78BF}.Debug|iPhone.Deploy.0 = Debug|Any CPU
		{B806FB66-D323-4CE8-8E18-B8F3AFEB78BF}.Debug|iPhoneSimulator.ActiveCfg = Debug|Any CPU
		{B806FB66-D323-4CE8-8E18-B8F3AFEB78BF}.Debug|iPhoneSimulator.Build.0 = Debug|Any CPU
		{B806FB66-D323-4CE8-8E18-B8F3AFEB78BF}.Debug|iPhoneSimulator.Deploy.0 = Debug|Any CPU
		{B806FB66-D323-4CE8-8E18-B8F3AFEB78BF}.Release|Any CPU.ActiveCfg = Release|Any CPU
		{B806FB66-D323-4CE8-8E18-B8F3AFEB78BF}.Release|Any CPU.Build.0 = Release|Any CPU
		{B806FB66-D323-4CE8-8E18-B8F3AFEB78BF}.Release|Any CPU.Deploy.0 = Release|Any CPU
		{B806FB66-D323-4CE8-8E18-B8F3AFEB78BF}.Release|iPhone.ActiveCfg = Release|Any CPU
		{B806FB66-D323-4CE8-8E18-B8F3AFEB78BF}.Release|iPhone.Build.0 = Release|Any CPU
		{B806FB66-D323-4CE8-8E18-B8F3AFEB78BF}.Release|iPhone.Deploy.0 = Release|Any CPU
		{B806FB66-D323-4CE8-8E18-B8F3AFEB78BF}.Release|iPhoneSimulator.ActiveCfg = Release|Any CPU
		{B806FB66-D323-4CE8-8E18-B8F3AFEB78BF}.Release|iPhoneSimulator.Build.0 = Release|Any CPU
		{B806FB66-D323-4CE8-8E18-B8F3AFEB78BF}.Release|iPhoneSimulator.Deploy.0 = Release|Any CPU
		{0E8004C6-5722-4025-A5BF-D6E0793D6348}.Debug|Any CPU.ActiveCfg = Debug|iPhone
		{0E8004C6-5722-4025-A5BF-D6E0793D6348}.Debug|Any CPU.Build.0 = Debug|iPhone
		{0E8004C6-5722-4025-A5BF-D6E0793D6348}.Debug|Any CPU.Deploy.0 = Debug|iPhone
		{0E8004C6-5722-4025-A5BF-D6E0793D6348}.Debug|iPhone.ActiveCfg = Debug|iPhone
		{0E8004C6-5722-4025-A5BF-D6E0793D6348}.Debug|iPhone.Build.0 = Debug|iPhone
		{0E8004C6-5722-4025-A5BF-D6E0793D6348}.Debug|iPhone.Deploy.0 = Debug|iPhone
		{0E8004C6-5722-4025-A5BF-D6E0793D6348}.Debug|iPhoneSimulator.ActiveCfg = Debug|iPhoneSimulator
		{0E8004C6-5722-4025-A5BF-D6E0793D6348}.Debug|iPhoneSimulator.Build.0 = Debug|iPhoneSimulator
		{0E8004C6-5722-4025-A5BF-D6E0793D6348}.Debug|iPhoneSimulator.Deploy.0 = Debug|iPhoneSimulator
		{0E8004C6-5722-4025-A5BF-D6E0793D6348}.Release|Any CPU.ActiveCfg = Release|iPhoneSimulator
		{0E8004C6-5722-4025-A5BF-D6E0793D6348}.Release|Any CPU.Build.0 = Release|iPhoneSimulator
		{0E8004C6-5722-4025-A5BF-D6E0793D6348}.Release|Any CPU.Deploy.0 = Release|iPhoneSimulator
		{0E8004C6-5722-4025-A5BF-D6E0793D6348}.Release|iPhone.ActiveCfg = Release|iPhone
		{0E8004C6-5722-4025-A5BF-D6E0793D6348}.Release|iPhone.Build.0 = Release|iPhone
		{0E8004C6-5722-4025-A5BF-D6E0793D6348}.Release|iPhone.Deploy.0 = Release|iPhone
		{0E8004C6-5722-4025-A5BF-D6E0793D6348}.Release|iPhoneSimulator.ActiveCfg = Release|iPhoneSimulator
		{0E8004C6-5722-4025-A5BF-D6E0793D6348}.Release|iPhoneSimulator.Build.0 = Release|iPhoneSimulator
		{0E8004C6-5722-4025-A5BF-D6E0793D6348}.Release|iPhoneSimulator.Deploy.0 = Release|iPhoneSimulator
		{917B558E-C88B-44AA-BC14-1B44971EF7D7}.Debug|Any CPU.ActiveCfg = Debug|Any CPU
		{917B558E-C88B-44AA-BC14-1B44971EF7D7}.Debug|Any CPU.Build.0 = Debug|Any CPU
		{917B558E-C88B-44AA-BC14-1B44971EF7D7}.Debug|Any CPU.Deploy.0 = Debug|Any CPU
		{917B558E-C88B-44AA-BC14-1B44971EF7D7}.Debug|iPhone.ActiveCfg = Debug|Any CPU
		{917B558E-C88B-44AA-BC14-1B44971EF7D7}.Debug|iPhone.Build.0 = Debug|Any CPU
		{917B558E-C88B-44AA-BC14-1B44971EF7D7}.Debug|iPhone.Deploy.0 = Debug|Any CPU
		{917B558E-C88B-44AA-BC14-1B44971EF7D7}.Debug|iPhoneSimulator.ActiveCfg = Debug|Any CPU
		{917B558E-C88B-44AA-BC14-1B44971EF7D7}.Debug|iPhoneSimulator.Build.0 = Debug|Any CPU
		{917B558E-C88B-44AA-BC14-1B44971EF7D7}.Debug|iPhoneSimulator.Deploy.0 = Debug|Any CPU
		{917B558E-C88B-44AA-BC14-1B44971EF7D7}.Release|Any CPU.ActiveCfg = Release|Any CPU
		{917B558E-C88B-44AA-BC14-1B44971EF7D7}.Release|Any CPU.Build.0 = Release|Any CPU
		{917B558E-C88B-44AA-BC14-1B44971EF7D7}.Release|Any CPU.Deploy.0 = Release|Any CPU
		{917B558E-C88B-44AA-BC14-1B44971EF7D7}.Release|iPhone.ActiveCfg = Release|Any CPU
		{917B558E-C88B-44AA-BC14-1B44971EF7D7}.Release|iPhone.Build.0 = Release|Any CPU
		{917B558E-C88B-44AA-BC14-1B44971EF7D7}.Release|iPhone.Deploy.0 = Release|Any CPU
		{917B558E-C88B-44AA-BC14-1B44971EF7D7}.Release|iPhoneSimulator.ActiveCfg = Release|Any CPU
		{917B558E-C88B-44AA-BC14-1B44971EF7D7}.Release|iPhoneSimulator.Build.0 = Release|Any CPU
		{917B558E-C88B-44AA-BC14-1B44971EF7D7}.Release|iPhoneSimulator.Deploy.0 = Release|Any CPU
	EndGlobalSection
	GlobalSection(SolutionProperties) = preSolution
		HideSolutionNode = FALSE
	EndGlobalSection
	GlobalSection(ExtensibilityGlobals) = postSolution
		SolutionGuid = {37B741C4-1702-446B-AD93-FB14C8B32332}
	EndGlobalSection
EndGlobal
